<?xml version="1.0" encoding="utf-8"?>
<Project ToolsVersion="4.0" xmlns="http://schemas.microsoft.com/developer/msbuild/2003">
  <ItemGroup>
    <ClCompile Include="Plugin.cpp" />
    <ClCompile Include="stdafx.cpp" />
    <ClCompile Include="framework\BT\EBehaviorTree.cpp" />
    <ClCompile Include="framework\FSM\EFiniteStateMachine.cpp" />
    <ClCompile Include="framework\SteeringBehaviors\SteeringBehaviors.cpp" />
    <ClCompile Include="Behaviors.cpp" />
  </ItemGroup>
  <ItemGroup>
    <ClInclude Include="Plugin.h" />
    <ClInclude Include="stdafx.h" />
    <ClInclude Include="framework\BT\EBehaviorTree.h" />
    <ClInclude Include="framework\Data\EBlackboard.h" />
    <ClInclude Include="framework\DecisionMaking\EDecisionMaking.h" />
    <ClInclude Include="framework\FSM\EFiniteStateMachine.h" />
    <ClInclude Include="Behaviors.h" />
    <ClInclude Include="framework\SteeringBehaviors\SteeringBehaviors.h" />
    <ClInclude Include="framework\SteeringBehaviors\SteeringHelpers.h" />
  </ItemGroup>
</Project>